
Microsoft Visual Studio Solution File, Format Version 12.00
# Visual Studio Version 17
VisualStudioVersion = 17.8.34511.84
MinimumVisualStudioVersion = 10.0.40219.1
Project("{9A19103F-16F7-4668-BE54-9A1E7A4F7556}") = "BankAccountManager.Api", "BankAccountManager.Api\BankAccountManager.Api.csproj", "{48694E1C-22D7-4C79-81D5-40C01D991B53}"
EndProject
Project("{FAE04EC0-301F-11D3-BF4B-00C04F79EFBC}") = "BankAccountManager.Domain", "BankAccountManager.Domain\BankAccountManager.Domain.csproj", "{2CC219D9-6C54-41B4-88B6-5192C18B304A}"
EndProject
Project("{FAE04EC0-301F-11D3-BF4B-00C04F79EFBC}") = "BankAccountManager.Infrastructure", "BankAccountManager.Infrastructure\BankAccountManager.Infrastructure.csproj", "{8ED2D20A-26B8-4AF6-B9B9-7E4E2174579F}"
EndProject
Global
	GlobalSection(SolutionConfigurationPlatforms) = preSolution
		Debug|Any CPU = Debug|Any CPU
		Release|Any CPU = Release|Any CPU
	EndGlobalSection
	GlobalSection(ProjectConfigurationPlatforms) = postSolution
		{48694E1C-22D7-4C79-81D5-40C01D991B53}.Debug|Any CPU.ActiveCfg = Debug|Any CPU
		{48694E1C-22D7-4C79-81D5-40C01D991B53}.Debug|Any CPU.Build.0 = Debug|Any CPU
		{48694E1C-22D7-4C79-81D5-40C01D991B53}.Release|Any CPU.ActiveCfg = Release|Any CPU
		{48694E1C-22D7-4C79-81D5-40C01D991B53}.Release|Any CPU.Build.0 = Release|Any CPU
		{2CC219D9-6C54-41B4-88B6-5192C18B304A}.Debug|Any CPU.ActiveCfg = Debug|Any CPU
		{2CC219D9-6C54-41B4-88B6-5192C18B304A}.Debug|Any CPU.Build.0 = Debug|Any CPU
		{2CC219D9-6C54-41B4-88B6-5192C18B304A}.Release|Any CPU.ActiveCfg = Release|Any CPU
		{2CC219D9-6C54-41B4-88B6-5192C18B304A}.Release|Any CPU.Build.0 = Release|Any CPU
		{8ED2D20A-26B8-4AF6-B9B9-7E4E2174579F}.Debug|Any CPU.ActiveCfg = Debug|Any CPU
		{8ED2D20A-26B8-4AF6-B9B9-7E4E2174579F}.Debug|Any CPU.Build.0 = Debug|Any CPU
		{8ED2D20A-26B8-4AF6-B9B9-7E4E2174579F}.Release|Any CPU.ActiveCfg = Release|Any CPU
		{8ED2D20A-26B8-4AF6-B9B9-7E4E2174579F}.Release|Any CPU.Build.0 = Release|Any CPU
	EndGlobalSection
	GlobalSection(SolutionProperties) = preSolution
		HideSolutionNode = FALSE
	EndGlobalSection
	GlobalSection(ExtensibilityGlobals) = postSolution
		SolutionGuid = {F1E7F3ED-AB94-470D-BCE5-97EC5561A867}
	EndGlobalSection
EndGlobal
